// !$*UTF8*$!
{
	archiveVersion = 1;
	classes = {
	};
	objectVersion = 45;
	objects = {

/* Begin PBXBuildFile section */
		1D3623260D0F684500981E51 /* AudaciousRemoteAppDelegate.m in Sources */ = {isa = PBXBuildFile; fileRef = 1D3623250D0F684500981E51 /* AudaciousRemoteAppDelegate.m */; };
		1D60589B0D05DD56006BFB54 /* main.m in Sources */ = {isa = PBXBuildFile; fileRef = 29B97316FDCFA39411CA2CEA /* main.m */; };
		1D60589F0D05DD5A006BFB54 /* Foundation.framework in Frameworks */ = {isa = PBXBuildFile; fileRef = 1D30AB110D05D00D00671497 /* Foundation.framework */; };
		1DF5F4E00D08C38300B7A737 /* UIKit.framework in Frameworks */ = {isa = PBXBuildFile; fileRef = 1DF5F4DF0D08C38300B7A737 /* UIKit.framework */; };
		2892E4100DC94CBA00A64D0F /* CoreGraphics.framework in Frameworks */ = {isa = PBXBuildFile; fileRef = 2892E40F0DC94CBA00A64D0F /* CoreGraphics.framework */; };
		28AD73600D9D9599002E5188 /* MainWindow.xib in Resources */ = {isa = PBXBuildFile; fileRef = 28AD735F0D9D9599002E5188 /* MainWindow.xib */; };
		28C286E10D94DF7D0034E888 /* RootViewController.m in Sources */ = {isa = PBXBuildFile; fileRef = 28C286E00D94DF7D0034E888 /* RootViewController.m */; };
		AD7A577F12198F3C00DE9999 /* AudaciousRemoteViewController.xib in Resources */ = {isa = PBXBuildFile; fileRef = AD7A577E12198F3C00DE9999 /* AudaciousRemoteViewController.xib */; };
		AD7A5841121B40AE00DE9999 /* NSObject+SBJSON.m in Sources */ = {isa = PBXBuildFile; fileRef = AD7A583E121B40AE00DE9999 /* NSObject+SBJSON.m */; };
		AD7A5842121B40AE00DE9999 /* NSString+SBJSON.m in Sources */ = {isa = PBXBuildFile; fileRef = AD7A5840121B40AE00DE9999 /* NSString+SBJSON.m */; };
		AD7A584B121B40C200DE9999 /* SBJSON.m in Sources */ = {isa = PBXBuildFile; fileRef = AD7A5844121B40C200DE9999 /* SBJSON.m */; };
		AD7A584C121B40C200DE9999 /* SBJsonBase.m in Sources */ = {isa = PBXBuildFile; fileRef = AD7A5846121B40C200DE9999 /* SBJsonBase.m */; };
		AD7A584D121B40C200DE9999 /* SBJsonParser.m in Sources */ = {isa = PBXBuildFile; fileRef = AD7A5848121B40C200DE9999 /* SBJsonParser.m */; };
		AD7A584E121B40C200DE9999 /* SBJsonWriter.m in Sources */ = {isa = PBXBuildFile; fileRef = AD7A584A121B40C200DE9999 /* SBJsonWriter.m */; };
		AD7A5854121B410600DE9999 /* JSONRPCManager.m in Sources */ = {isa = PBXBuildFile; fileRef = AD7A5853121B410600DE9999 /* JSONRPCManager.m */; };
		AD7A5858121B411600DE9999 /* AudaciousRemoteViewController.m in Sources */ = {isa = PBXBuildFile; fileRef = AD7A5856121B411600DE9999 /* AudaciousRemoteViewController.m */; };
		AD7A5859121B411600DE9999 /* RootViewController.xib in Resources */ = {isa = PBXBuildFile; fileRef = AD7A5857121B411600DE9999 /* RootViewController.xib */; };
		AD7A586A121B414F00DE9999 /* media-playback-pause.png in Resources */ = {isa = PBXBuildFile; fileRef = AD7A5862121B414F00DE9999 /* media-playback-pause.png */; };
		AD7A586B121B414F00DE9999 /* media-playback-start.png in Resources */ = {isa = PBXBuildFile; fileRef = AD7A5863121B414F00DE9999 /* media-playback-start.png */; };
		AD7A586C121B414F00DE9999 /* media-playback-stop.png in Resources */ = {isa = PBXBuildFile; fileRef = AD7A5864121B414F00DE9999 /* media-playback-stop.png */; };
		AD7A586D121B414F00DE9999 /* media-playlist-repeat.png in Resources */ = {isa = PBXBuildFile; fileRef = AD7A5865121B414F00DE9999 /* media-playlist-repeat.png */; };
		AD7A586E121B414F00DE9999 /* media-playlist-shuffle.png in Resources */ = {isa = PBXBuildFile; fileRef = AD7A5866121B414F00DE9999 /* media-playlist-shuffle.png */; };
		AD7A586F121B414F00DE9999 /* media-skip-backward.png in Resources */ = {isa = PBXBuildFile; fileRef = AD7A5867121B414F00DE9999 /* media-skip-backward.png */; };
		AD7A5870121B414F00DE9999 /* media-skip-forward.png in Resources */ = {isa = PBXBuildFile; fileRef = AD7A5868121B414F00DE9999 /* media-skip-forward.png */; };
		AD7A5871121B414F00DE9999 /* view-media-playlist.png in Resources */ = {isa = PBXBuildFile; fileRef = AD7A5869121B414F00DE9999 /* view-media-playlist.png */; };
/* End PBXBuildFile section */

/* Begin PBXFileReference section */
		1D30AB110D05D00D00671497 /* Foundation.framework */ = {isa = PBXFileReference; lastKnownFileType = wrapper.framework; name = Foundation.framework; path = System/Library/Frameworks/Foundation.framework; sourceTree = SDKROOT; };
		1D3623240D0F684500981E51 /* AudaciousRemoteAppDelegate.h */ = {isa = PBXFileReference; fileEncoding = 4; lastKnownFileType = sourcecode.c.h; path = AudaciousRemoteAppDelegate.h; sourceTree = "<group>"; };
		1D3623250D0F684500981E51 /* AudaciousRemoteAppDelegate.m */ = {isa = PBXFileReference; fileEncoding = 4; lastKnownFileType = sourcecode.c.objc; path = AudaciousRemoteAppDelegate.m; sourceTree = "<group>"; };
		1D6058910D05DD3D006BFB54 /* AudaciousRemote.app */ = {isa = PBXFileReference; explicitFileType = wrapper.application; includeInIndex = 0; path = AudaciousRemote.app; sourceTree = BUILT_PRODUCTS_DIR; };
		1DF5F4DF0D08C38300B7A737 /* UIKit.framework */ = {isa = PBXFileReference; lastKnownFileType = wrapper.framework; name = UIKit.framework; path = System/Library/Frameworks/UIKit.framework; sourceTree = SDKROOT; };
		2892E40F0DC94CBA00A64D0F /* CoreGraphics.framework */ = {isa = PBXFileReference; lastKnownFileType = wrapper.framework; name = CoreGraphics.framework; path = System/Library/Frameworks/CoreGraphics.framework; sourceTree = SDKROOT; };
		28A0AAE50D9B0CCF005BE974 /* AudaciousRemote_Prefix.pch */ = {isa = PBXFileReference; fileEncoding = 4; lastKnownFileType = sourcecode.c.h; path = AudaciousRemote_Prefix.pch; sourceTree = "<group>"; };
		28AD735F0D9D9599002E5188 /* MainWindow.xib */ = {isa = PBXFileReference; lastKnownFileType = file.xib; path = MainWindow.xib; sourceTree = "<group>"; };
		28C286DF0D94DF7D0034E888 /* RootViewController.h */ = {isa = PBXFileReference; fileEncoding = 4; lastKnownFileType = sourcecode.c.h; path = RootViewController.h; sourceTree = "<group>"; };
		28C286E00D94DF7D0034E888 /* RootViewController.m */ = {isa = PBXFileReference; fileEncoding = 4; lastKnownFileType = sourcecode.c.objc; path = RootViewController.m; sourceTree = "<group>"; };
		29B97316FDCFA39411CA2CEA /* main.m */ = {isa = PBXFileReference; fileEncoding = 4; lastKnownFileType = sourcecode.c.objc; path = main.m; sourceTree = "<group>"; };
		8D1107310486CEB800E47090 /* AudaciousRemote-Info.plist */ = {isa = PBXFileReference; fileEncoding = 4; lastKnownFileType = text.plist.xml; path = "AudaciousRemote-Info.plist"; plistStructureDefinitionIdentifier = "com.apple.xcode.plist.structure-definition.iphone.info-plist"; sourceTree = "<group>"; };
		AD7A577E12198F3C00DE9999 /* AudaciousRemoteViewController.xib */ = {isa = PBXFileReference; lastKnownFileType = file.xib; name = AudaciousRemoteViewController.xib; path = Classes/AudaciousRemoteViewController.xib; sourceTree = "<group>"; };
		AD7A583C121B40AE00DE9999 /* JSON.h */ = {isa = PBXFileReference; fileEncoding = 4; lastKnownFileType = sourcecode.c.h; path = JSON.h; sourceTree = "<group>"; };
		AD7A583D121B40AE00DE9999 /* NSObject+SBJSON.h */ = {isa = PBXFileReference; fileEncoding = 4; lastKnownFileType = sourcecode.c.h; path = "NSObject+SBJSON.h"; sourceTree = "<group>"; };
		AD7A583E121B40AE00DE9999 /* NSObject+SBJSON.m */ = {isa = PBXFileReference; fileEncoding = 4; lastKnownFileType = sourcecode.c.objc; path = "NSObject+SBJSON.m"; sourceTree = "<group>"; };
		AD7A583F121B40AE00DE9999 /* NSString+SBJSON.h */ = {isa = PBXFileReference; fileEncoding = 4; lastKnownFileType = sourcecode.c.h; path = "NSString+SBJSON.h"; sourceTree = "<group>"; };
		AD7A5840121B40AE00DE9999 /* NSString+SBJSON.m */ = {isa = PBXFileReference; fileEncoding = 4; lastKnownFileType = sourcecode.c.objc; path = "NSString+SBJSON.m"; sourceTree = "<group>"; };
		AD7A5843121B40C200DE9999 /* SBJSON.h */ = {isa = PBXFileReference; fileEncoding = 4; lastKnownFileType = sourcecode.c.h; path = SBJSON.h; sourceTree = "<group>"; };
		AD7A5844121B40C200DE9999 /* SBJSON.m */ = {isa = PBXFileReference; fileEncoding = 4; lastKnownFileType = sourcecode.c.objc; path = SBJSON.m; sourceTree = "<group>"; };
		AD7A5845121B40C200DE9999 /* SBJsonBase.h */ = {isa = PBXFileReference; fileEncoding = 4; lastKnownFileType = sourcecode.c.h; path = SBJsonBase.h; sourceTree = "<group>"; };
		AD7A5846121B40C200DE9999 /* SBJsonBase.m */ = {isa = PBXFileReference; fileEncoding = 4; lastKnownFileType = sourcecode.c.objc; path = SBJsonBase.m; sourceTree = "<group>"; };
		AD7A5847121B40C200DE9999 /* SBJsonParser.h */ = {isa = PBXFileReference; fileEncoding = 4; lastKnownFileType = sourcecode.c.h; path = SBJsonParser.h; sourceTree = "<group>"; };
		AD7A5848121B40C200DE9999 /* SBJsonParser.m */ = {isa = PBXFileReference; fileEncoding = 4; lastKnownFileType = sourcecode.c.objc; path = SBJsonParser.m; sourceTree = "<group>"; };
		AD7A5849121B40C200DE9999 /* SBJsonWriter.h */ = {isa = PBXFileReference; fileEncoding = 4; lastKnownFileType = sourcecode.c.h; path = SBJsonWriter.h; sourceTree = "<group>"; };
		AD7A584A121B40C200DE9999 /* SBJsonWriter.m */ = {isa = PBXFileReference; fileEncoding = 4; lastKnownFileType = sourcecode.c.objc; path = SBJsonWriter.m; sourceTree = "<group>"; };
		AD7A584F121B40ED00DE9999 /* constants.h */ = {isa = PBXFileReference; fileEncoding = 4; lastKnownFileType = sourcecode.c.h; path = constants.h; sourceTree = "<group>"; };
		AD7A5852121B410600DE9999 /* JSONRPCManager.h */ = {isa = PBXFileReference; fileEncoding = 4; lastKnownFileType = sourcecode.c.h; path = JSONRPCManager.h; sourceTree = "<group>"; };
		AD7A5853121B410600DE9999 /* JSONRPCManager.m */ = {isa = PBXFileReference; fileEncoding = 4; lastKnownFileType = sourcecode.c.objc; path = JSONRPCManager.m; sourceTree = "<group>"; };
		AD7A5855121B411600DE9999 /* AudaciousRemoteViewController.h */ = {isa = PBXFileReference; fileEncoding = 4; lastKnownFileType = sourcecode.c.h; path = AudaciousRemoteViewController.h; sourceTree = "<group>"; };
		AD7A5856121B411600DE9999 /* AudaciousRemoteViewController.m */ = {isa = PBXFileReference; fileEncoding = 4; lastKnownFileType = sourcecode.c.objc; path = AudaciousRemoteViewController.m; sourceTree = "<group>"; };
		AD7A5857121B411600DE9999 /* RootViewController.xib */ = {isa = PBXFileReference; lastKnownFileType = file.xib; name = RootViewController.xib; path = Classes/RootViewController.xib; sourceTree = "<group>"; };
		AD7A5862121B414F00DE9999 /* media-playback-pause.png */ = {isa = PBXFileReference; lastKnownFileType = image.png; name = "media-playback-pause.png"; path = "images/media-playback-pause.png"; sourceTree = "<group>"; };
		AD7A5863121B414F00DE9999 /* media-playback-start.png */ = {isa = PBXFileReference; lastKnownFileType = image.png; name = "media-playback-start.png"; path = "images/media-playback-start.png"; sourceTree = "<group>"; };
		AD7A5864121B414F00DE9999 /* media-playback-stop.png */ = {isa = PBXFileReference; lastKnownFileType = image.png; name = "media-playback-stop.png"; path = "images/media-playback-stop.png"; sourceTree = "<group>"; };
		AD7A5865121B414F00DE9999 /* media-playlist-repeat.png */ = {isa = PBXFileReference; lastKnownFileType = image.png; name = "media-playlist-repeat.png"; path = "images/media-playlist-repeat.png"; sourceTree = "<group>"; };
		AD7A5866121B414F00DE9999 /* media-playlist-shuffle.png */ = {isa = PBXFileReference; lastKnownFileType = image.png; name = "media-playlist-shuffle.png"; path = "images/media-playlist-shuffle.png"; sourceTree = "<group>"; };
		AD7A5867121B414F00DE9999 /* media-skip-backward.png */ = {isa = PBXFileReference; lastKnownFileType = image.png; name = "media-skip-backward.png"; path = "images/media-skip-backward.png"; sourceTree = "<group>"; };
		AD7A5868121B414F00DE9999 /* media-skip-forward.png */ = {isa = PBXFileReference; lastKnownFileType = image.png; name = "media-skip-forward.png"; path = "images/media-skip-forward.png"; sourceTree = "<group>"; };
		AD7A5869121B414F00DE9999 /* view-media-playlist.png */ = {isa = PBXFileReference; lastKnownFileType = image.png; name = "view-media-playlist.png"; path = "images/view-media-playlist.png"; sourceTree = "<group>"; };
/* End PBXFileReference section */

/* Begin PBXFrameworksBuildPhase section */
		1D60588F0D05DD3D006BFB54 /* Frameworks */ = {
			isa = PBXFrameworksBuildPhase;
			buildActionMask = 2147483647;
			files = (
				1D60589F0D05DD5A006BFB54 /* Foundation.framework in Frameworks */,
				1DF5F4E00D08C38300B7A737 /* UIKit.framework in Frameworks */,
				2892E4100DC94CBA00A64D0F /* CoreGraphics.framework in Frameworks */,
			);
			runOnlyForDeploymentPostprocessing = 0;
		};
/* End PBXFrameworksBuildPhase section */

/* Begin PBXGroup section */
		080E96DDFE201D6D7F000001 /* Classes */ = {
			isa = PBXGroup;
			children = (
				AD7A577312198EB000DE9999 /* JSON */,
				AD7A577412198EB500DE9999 /* JSONRPC */,
				AD7A5855121B411600DE9999 /* AudaciousRemoteViewController.h */,
				AD7A5856121B411600DE9999 /* AudaciousRemoteViewController.m */,
				1D3623240D0F684500981E51 /* AudaciousRemoteAppDelegate.h */,
				1D3623250D0F684500981E51 /* AudaciousRemoteAppDelegate.m */,
				28C286DF0D94DF7D0034E888 /* RootViewController.h */,
				28C286E00D94DF7D0034E888 /* RootViewController.m */,
				AD7A584F121B40ED00DE9999 /* constants.h */,
			);
			path = Classes;
			sourceTree = "<group>";
		};
		19C28FACFE9D520D11CA2CBB /* Products */ = {
			isa = PBXGroup;
			children = (
				1D6058910D05DD3D006BFB54 /* AudaciousRemote.app */,
			);
			name = Products;
			sourceTree = "<group>";
		};
		29B97314FDCFA39411CA2CEA /* CustomTemplate */ = {
			isa = PBXGroup;
			children = (
				080E96DDFE201D6D7F000001 /* Classes */,
				29B97315FDCFA39411CA2CEA /* Other Sources */,
				29B97317FDCFA39411CA2CEA /* Resources */,
				29B97323FDCFA39411CA2CEA /* Frameworks */,
				19C28FACFE9D520D11CA2CBB /* Products */,
			);
			name = CustomTemplate;
			sourceTree = "<group>";
		};
		29B97315FDCFA39411CA2CEA /* Other Sources */ = {
			isa = PBXGroup;
			children = (
				28A0AAE50D9B0CCF005BE974 /* AudaciousRemote_Prefix.pch */,
				29B97316FDCFA39411CA2CEA /* main.m */,
			);
			name = "Other Sources";
			sourceTree = "<group>";
		};
		29B97317FDCFA39411CA2CEA /* Resources */ = {
			isa = PBXGroup;
			children = (
				AD7A579912198F4B00DE9999 /* images */,
				AD7A577E12198F3C00DE9999 /* AudaciousRemoteViewController.xib */,
				AD7A5857121B411600DE9999 /* RootViewController.xib */,
				28AD735F0D9D9599002E5188 /* MainWindow.xib */,
				8D1107310486CEB800E47090 /* AudaciousRemote-Info.plist */,
			);
			name = Resources;
			sourceTree = "<group>";
		};
		29B97323FDCFA39411CA2CEA /* Frameworks */ = {
			isa = PBXGroup;
			children = (
				1DF5F4DF0D08C38300B7A737 /* UIKit.framework */,
				1D30AB110D05D00D00671497 /* Foundation.framework */,
				2892E40F0DC94CBA00A64D0F /* CoreGraphics.framework */,
			);
			name = Frameworks;
			sourceTree = "<group>";
		};
		AD7A577312198EB000DE9999 /* JSON */ = {
			isa = PBXGroup;
			children = (
				AD7A583C121B40AE00DE9999 /* JSON.h */,
				AD7A583D121B40AE00DE9999 /* NSObject+SBJSON.h */,
				AD7A583E121B40AE00DE9999 /* NSObject+SBJSON.m */,
				AD7A583F121B40AE00DE9999 /* NSString+SBJSON.h */,
				AD7A5840121B40AE00DE9999 /* NSString+SBJSON.m */,
				AD7A5843121B40C200DE9999 /* SBJSON.h */,
				AD7A5844121B40C200DE9999 /* SBJSON.m */,
				AD7A5845121B40C200DE9999 /* SBJsonBase.h */,
				AD7A5846121B40C200DE9999 /* SBJsonBase.m */,
				AD7A5847121B40C200DE9999 /* SBJsonParser.h */,
				AD7A5848121B40C200DE9999 /* SBJsonParser.m */,
				AD7A5849121B40C200DE9999 /* SBJsonWriter.h */,
				AD7A584A121B40C200DE9999 /* SBJsonWriter.m */,
			);
			name = JSON;
			sourceTree = "<group>";
		};
		AD7A577412198EB500DE9999 /* JSONRPC */ = {
			isa = PBXGroup;
			children = (
				AD7A5852121B410600DE9999 /* JSONRPCManager.h */,
				AD7A5853121B410600DE9999 /* JSONRPCManager.m */,
			);
			name = JSONRPC;
			sourceTree = "<group>";
		};
		AD7A579912198F4B00DE9999 /* images */ = {
			isa = PBXGroup;
			children = (
				AD7A5862121B414F00DE9999 /* media-playback-pause.png */,
				AD7A5863121B414F00DE9999 /* media-playback-start.png */,
				AD7A5864121B414F00DE9999 /* media-playback-stop.png */,
				AD7A5865121B414F00DE9999 /* media-playlist-repeat.png */,
				AD7A5866121B414F00DE9999 /* media-playlist-shuffle.png */,
				AD7A5867121B414F00DE9999 /* media-skip-backward.png */,
				AD7A5868121B414F00DE9999 /* media-skip-forward.png */,
				AD7A5869121B414F00DE9999 /* view-media-playlist.png */,
			);
			name = images;
			sourceTree = "<group>";
		};
/* End PBXGroup section */

/* Begin PBXNativeTarget section */
		1D6058900D05DD3D006BFB54 /* AudaciousRemote */ = {
			isa = PBXNativeTarget;
			buildConfigurationList = 1D6058960D05DD3E006BFB54 /* Build configuration list for PBXNativeTarget "AudaciousRemote" */;
			buildPhases = (
				1D60588D0D05DD3D006BFB54 /* Resources */,
				1D60588E0D05DD3D006BFB54 /* Sources */,
				1D60588F0D05DD3D006BFB54 /* Frameworks */,
			);
			buildRules = (
			);
			dependencies = (
			);
			name = AudaciousRemote;
			productName = AudaciousRemote;
			productReference = 1D6058910D05DD3D006BFB54 /* AudaciousRemote.app */;
			productType = "com.apple.product-type.application";
		};
/* End PBXNativeTarget section */

/* Begin PBXProject section */
		29B97313FDCFA39411CA2CEA /* Project object */ = {
			isa = PBXProject;
			buildConfigurationList = C01FCF4E08A954540054247B /* Build configuration list for PBXProject "AudaciousRemote" */;
			compatibilityVersion = "Xcode 3.1";
			hasScannedForEncodings = 1;
			knownRegions = (
				English,
				Japanese,
				French,
				German,
				en,
			);
			mainGroup = 29B97314FDCFA39411CA2CEA /* CustomTemplate */;
			projectDirPath = "";
			projectRoot = "";
			targets = (
				1D6058900D05DD3D006BFB54 /* AudaciousRemote */,
			);
		};
/* End PBXProject section */

/* Begin PBXResourcesBuildPhase section */
		1D60588D0D05DD3D006BFB54 /* Resources */ = {
			isa = PBXResourcesBuildPhase;
			buildActionMask = 2147483647;
			files = (
				28AD73600D9D9599002E5188 /* MainWindow.xib in Resources */,
				AD7A577F12198F3C00DE9999 /* AudaciousRemoteViewController.xib in Resources */,
				AD7A5859121B411600DE9999 /* RootViewController.xib in Resources */,
				AD7A586A121B414F00DE9999 /* media-playback-pause.png in Resources */,
				AD7A586B121B414F00DE9999 /* media-playback-start.png in Resources */,
				AD7A586C121B414F00DE9999 /* media-playback-stop.png in Resources */,
				AD7A586D121B414F00DE9999 /* media-playlist-repeat.png in Resources */,
				AD7A586E121B414F00DE9999 /* media-playlist-shuffle.png in Resources */,
				AD7A586F121B414F00DE9999 /* media-skip-backward.png in Resources */,
				AD7A5870121B414F00DE9999 /* media-skip-forward.png in Resources */,
				AD7A5871121B414F00DE9999 /* view-media-playlist.png in Resources */,
			);
			runOnlyForDeploymentPostprocessing = 0;
		};
/* End PBXResourcesBuildPhase section */

/* Begin PBXSourcesBuildPhase section */
		1D60588E0D05DD3D006BFB54 /* Sources */ = {
			isa = PBXSourcesBuildPhase;
			buildActionMask = 2147483647;
			files = (
				1D60589B0D05DD56006BFB54 /* main.m in Sources */,
				1D3623260D0F684500981E51 /* AudaciousRemoteAppDelegate.m in Sources */,
				28C286E10D94DF7D0034E888 /* RootViewController.m in Sources */,
				AD7A5841121B40AE00DE9999 /* NSObject+SBJSON.m in Sources */,
				AD7A5842121B40AE00DE9999 /* NSString+SBJSON.m in Sources */,
				AD7A584B121B40C200DE9999 /* SBJSON.m in Sources */,
				AD7A584C121B40C200DE9999 /* SBJsonBase.m in Sources */,
				AD7A584D121B40C200DE9999 /* SBJsonParser.m in Sources */,
				AD7A584E121B40C200DE9999 /* SBJsonWriter.m in Sources */,
				AD7A5854121B410600DE9999 /* JSONRPCManager.m in Sources */,
				AD7A5858121B411600DE9999 /* AudaciousRemoteViewController.m in Sources */,
			);
			runOnlyForDeploymentPostprocessing = 0;
		};
/* End PBXSourcesBuildPhase section */

/* Begin XCBuildConfiguration section */
		1D6058940D05DD3E006BFB54 /* Debug */ = {
			isa = XCBuildConfiguration;
			buildSettings = {
				ALWAYS_SEARCH_USER_PATHS = NO;
				COPY_PHASE_STRIP = NO;
				GCC_DYNAMIC_NO_PIC = NO;
				GCC_OPTIMIZATION_LEVEL = 0;
				GCC_PRECOMPILE_PREFIX_HEADER = YES;
				GCC_PREFIX_HEADER = AudaciousRemote_Prefix.pch;
				INFOPLIST_FILE = "AudaciousRemote-Info.plist";
				PRODUCT_NAME = AudaciousRemote;
			};
			name = Debug;
		};
		1D6058950D05DD3E006BFB54 /* Release */ = {
			isa = XCBuildConfiguration;
			buildSettings = {
				ALWAYS_SEARCH_USER_PATHS = NO;
				COPY_PHASE_STRIP = YES;
				GCC_PRECOMPILE_PREFIX_HEADER = YES;
				GCC_PREFIX_HEADER = AudaciousRemote_Prefix.pch;
				INFOPLIST_FILE = "AudaciousRemote-Info.plist";
				PRODUCT_NAME = AudaciousRemote;
				VALIDATE_PRODUCT = YES;
			};
			name = Release;
		};
		C01FCF4F08A954540054247B /* Debug */ = {
			isa = XCBuildConfiguration;
			buildSettings = {
				ARCHS = "$(ARCHS_STANDARD_32_BIT)";
				"CODE_SIGN_IDENTITY[sdk=iphoneos*]" = "iPhone Developer";
				GCC_C_LANGUAGE_STANDARD = c99;
				GCC_WARN_ABOUT_RETURN_TYPE = YES;
				GCC_WARN_UNUSED_VARIABLE = YES;
				PREBINDING = NO;
				SDKROOT = iphoneos4.0;
			};
			name = Debug;
		};
		C01FCF5008A954540054247B /* Release */ = {
			isa = XCBuildConfiguration;
			buildSettings = {
				ARCHS = "$(ARCHS_STANDARD_32_BIT)";
				"CODE_SIGN_IDENTITY[sdk=iphoneos*]" = "iPhone Developer";
				GCC_C_LANGUAGE_STANDARD = c99;
				GCC_WARN_ABOUT_RETURN_TYPE = YES;
				GCC_WARN_UNUSED_VARIABLE = YES;
				OTHER_CFLAGS = "-DNS_BLOCK_ASSERTIONS=1";
				PREBINDING = NO;
				SDKROOT = iphoneos4.0;
			};
			name = Release;
		};
/* End XCBuildConfiguration section */

/* Begin XCConfigurationList section */
		1D6058960D05DD3E006BFB54 /* Build configuration list for PBXNativeTarget "AudaciousRemote" */ = {
			isa = XCConfigurationList;
			buildConfigurations = (
				1D6058940D05DD3E006BFB54 /* Debug */,
				1D6058950D05DD3E006BFB54 /* Release */,
			);
			defaultConfigurationIsVisible = 0;
			defaultConfigurationName = Release;
		};
		C01FCF4E08A954540054247B /* Build configuration list for PBXProject "AudaciousRemote" */ = {
			isa = XCConfigurationList;
			buildConfigurations = (
				C01FCF4F08A954540054247B /* Debug */,
				C01FCF5008A954540054247B /* Release */,
			);
			defaultConfigurationIsVisible = 0;
			defaultConfigurationName = Release;
		};
/* End XCConfigurationList section */
	};
	rootObject = 29B97313FDCFA39411CA2CEA /* Project object */;
}
